Microsoft Visual Studio Solution File, Format Version 12.00
# Visual Studio 2013
VisualStudioVersion = 12.0.30723.0
MinimumVisualStudioVersion = 10.0.40219.1
Project("{FAE04EC0-301F-11D3-BF4B-00C04F79EFBC}") = "Core", "Source\Projects\Core\Core.csproj", "{DF241F73-E055-4A9B-A6B5-E2061259C4CE}"
EndProject
Project("{FAE04EC0-301F-11D3-BF4B-00C04F79EFBC}") = "Core.Tests.Unit", "Source\Projects\Core.Tests.Unit\Core.Tests.Unit.csproj", "{26FD423A-6268-43D6-92C0-BD4B8203E47E}"
EndProject
Project("{FAE04EC0-301F-11D3-BF4B-00C04F79EFBC}") = "Core.Wcf", "Source\Projects\Core.Wcf\Core.Wcf.csproj", "{20C1E6D1-CCB3-4805-B8BF-D2D1EE81DB53}"
EndProject
Project("{FAE04EC0-301F-11D3-BF4B-00C04F79EFBC}") = "Utilities.Test.MSTest", "Source\Projects\Utilities.Test.MSTest\Utilities.Test.MSTest.csproj", "{B22346F6-1272-4FB4-98F1-2B3BAF33E5B9}"
EndProject
Project("{2150E333-8FDC-42A3-9474-1A3956D46DE8}") = "Documentation", "Documentation", "{B3DFD20F-6D22-464C-8849-0EF12FC8F1C9}"
	ProjectSection(SolutionItems) = preProject
		LICENSE = LICENSE
		README.md = README.md
	EndProjectSection
EndProject
Project("{2150E333-8FDC-42A3-9474-1A3956D46DE8}") = "Nuget", "Nuget", "{71D5F658-A31D-4BD7-BF73-A73244762915}"
	ProjectSection(SolutionItems) = preProject
		Source\Projects\Core\Core.nuspec = Source\Projects\Core\Core.nuspec
	EndProjectSection
EndProject
Global
	GlobalSection(SolutionConfigurationPlatforms) = preSolution
		Debug|Any CPU = Debug|Any CPU
		Release|Any CPU = Release|Any CPU
	EndGlobalSection
	GlobalSection(ProjectConfigurationPlatforms) = postSolution
		{DF241F73-E055-4A9B-A6B5-E2061259C4CE}.Debug|Any CPU.ActiveCfg = Debug|Any CPU
		{DF241F73-E055-4A9B-A6B5-E2061259C4CE}.Debug|Any CPU.Build.0 = Debug|Any CPU
		{DF241F73-E055-4A9B-A6B5-E2061259C4CE}.Release|Any CPU.ActiveCfg = Release|Any CPU
		{DF241F73-E055-4A9B-A6B5-E2061259C4CE}.Release|Any CPU.Build.0 = Release|Any CPU
		{26FD423A-6268-43D6-92C0-BD4B8203E47E}.Debug|Any CPU.ActiveCfg = Debug|Any CPU
		{26FD423A-6268-43D6-92C0-BD4B8203E47E}.Debug|Any CPU.Build.0 = Debug|Any CPU
		{26FD423A-6268-43D6-92C0-BD4B8203E47E}.Release|Any CPU.ActiveCfg = Release|Any CPU
		{26FD423A-6268-43D6-92C0-BD4B8203E47E}.Release|Any CPU.Build.0 = Release|Any CPU
		{20C1E6D1-CCB3-4805-B8BF-D2D1EE81DB53}.Debug|Any CPU.ActiveCfg = Debug|Any CPU
		{20C1E6D1-CCB3-4805-B8BF-D2D1EE81DB53}.Debug|Any CPU.Build.0 = Debug|Any CPU
		{20C1E6D1-CCB3-4805-B8BF-D2D1EE81DB53}.Release|Any CPU.ActiveCfg = Release|Any CPU
		{20C1E6D1-CCB3-4805-B8BF-D2D1EE81DB53}.Release|Any CPU.Build.0 = Release|Any CPU
		{B22346F6-1272-4FB4-98F1-2B3BAF33E5B9}.Debug|Any CPU.ActiveCfg = Debug|Any CPU
		{B22346F6-1272-4FB4-98F1-2B3BAF33E5B9}.Debug|Any CPU.Build.0 = Debug|Any CPU
		{B22346F6-1272-4FB4-98F1-2B3BAF33E5B9}.Release|Any CPU.ActiveCfg = Release|Any CPU
		{B22346F6-1272-4FB4-98F1-2B3BAF33E5B9}.Release|Any CPU.Build.0 = Release|Any CPU
	EndGlobalSection
	GlobalSection(SolutionProperties) = preSolution
		HideSolutionNode = FALSE
	EndGlobalSection
EndGlobal
