Microsoft Visual Studio Solution File, Format Version 12.00
# Visual Studio 15
VisualStudioVersion = 15.0.28010.0
MinimumVisualStudioVersion = 10.0.40219.1
Project("{2150E333-8FDC-42A3-9474-1A3956D46DE8}") = "Documentation", "Documentation", "{B3DFD20F-6D22-464C-8849-0EF12FC8F1C9}"
	ProjectSection(SolutionItems) = preProject
		LICENSE = LICENSE
		README.md = README.md
	EndProjectSection
EndProject
Project("{2150E333-8FDC-42A3-9474-1A3956D46DE8}") = "Nuget", "Nuget", "{71D5F658-A31D-4BD7-BF73-A73244762915}"
	ProjectSection(SolutionItems) = preProject
		Source\Projects\Common\Common.nuspec = Source\Projects\Common\CoCommon.nuspec
		Source\Projects\Common.Wcf\Common.Wcf.nuspec = Source\Projects\Common.Wcf\Common.Wcf.nuspec
	EndProjectSection
EndProject
Project("{9A19103F-16F7-4668-BE54-9A1E7A4F7556}") = "Common", "Source\Projects\Common\Common.csproj", "{A6E279E5-BB51-4783-A777-D2A128FACEF7}"
EndProject
Project("{9A19103F-16F7-4668-BE54-9A1E7A4F7556}") = "Common.Tests", "Source\Projects\Common.Tests\Common.Tests.csproj", "{0F218814-B104-4459-B415-AF20FA2ED3F5}"
EndProject
Global
	GlobalSection(SolutionConfigurationPlatforms) = preSolution
		Debug|Any CPU = Debug|Any CPU
		Release|Any CPU = Release|Any CPU
	EndGlobalSection
	GlobalSection(ProjectConfigurationPlatforms) = postSolution
		{A6E279E5-BB51-4783-A777-D2A128FACEF7}.Debug|Any CPU.ActiveCfg = Debug|Any CPU
		{A6E279E5-BB51-4783-A777-D2A128FACEF7}.Debug|Any CPU.Build.0 = Debug|Any CPU
		{A6E279E5-BB51-4783-A777-D2A128FACEF7}.Release|Any CPU.ActiveCfg = Release|Any CPU
		{A6E279E5-BB51-4783-A777-D2A128FACEF7}.Release|Any CPU.Build.0 = Release|Any CPU
		{0F218814-B104-4459-B415-AF20FA2ED3F5}.Debug|Any CPU.ActiveCfg = Debug|Any CPU
		{0F218814-B104-4459-B415-AF20FA2ED3F5}.Debug|Any CPU.Build.0 = Debug|Any CPU
		{0F218814-B104-4459-B415-AF20FA2ED3F5}.Release|Any CPU.ActiveCfg = Release|Any CPU
		{0F218814-B104-4459-B415-AF20FA2ED3F5}.Release|Any CPU.Build.0 = Release|Any CPU
	EndGlobalSection
	GlobalSection(SolutionProperties) = preSolution
		HideSolutionNode = FALSE
	EndGlobalSection
	GlobalSection(ExtensibilityGlobals) = postSolution
		SolutionGuid = {6FDE36D6-CA72-4F25-A0D6-7CEC49D2B6B7}
	EndGlobalSection
EndGlobal
